
Microsoft Visual Studio Solution File, Format Version 12.00
# Visual Studio Version 17
VisualStudioVersion = 17.6.33712.159
MinimumVisualStudioVersion = 10.0.40219.1
Project("{FAE04EC0-301F-11D3-BF4B-00C04F79EFBC}") = "enter your name", "enter your name\enter your name.csproj", "{06184FEF-14B3-476E-AEDA-2FF26D0A4C52}"
EndProject
Global
	GlobalSection(SolutionConfigurationPlatforms) = preSolution
		Debug|Any CPU = Debug|Any CPU
		Release|Any CPU = Release|Any CPU
	EndGlobalSection
	GlobalSection(ProjectConfigurationPlatforms) = postSolution
		{06184FEF-14B3-476E-AEDA-2FF26D0A4C52}.Debug|Any CPU.ActiveCfg = Debug|Any CPU
		{06184FEF-14B3-476E-AEDA-2FF26D0A4C52}.Debug|Any CPU.Build.0 = Debug|Any CPU
		{06184FEF-14B3-476E-AEDA-2FF26D0A4C52}.Release|Any CPU.ActiveCfg = Release|Any CPU
		{06184FEF-14B3-476E-AEDA-2FF26D0A4C52}.Release|Any CPU.Build.0 = Release|Any CPU
	EndGlobalSection
	GlobalSection(SolutionProperties) = preSolution
		HideSolutionNode = FALSE
	EndGlobalSection
	GlobalSection(ExtensibilityGlobals) = postSolution
		SolutionGuid = {5D7DF7BB-E4E0-42FE-B2F8-66DDB7FED628}
	EndGlobalSection
EndGlobal
